
Microsoft Visual Studio Solution File, Format Version 12.00
# Visual Studio 15
VisualStudioVersion = 15.0.28307.329
MinimumVisualStudioVersion = 10.0.40219.1
Project("{FAE04EC0-301F-11D3-BF4B-00C04F79EFBC}") = "Singleton", "Singleton\Singleton.csproj", "{0F4F31AC-CBD8-4766-A9FE-B4D414C031D5}"
EndProject
Global
	GlobalSection(SolutionConfigurationPlatforms) = preSolution
		Debug|Any CPU = Debug|Any CPU
		Release|Any CPU = Release|Any CPU
	EndGlobalSection
	GlobalSection(ProjectConfigurationPlatforms) = postSolution
		{0F4F31AC-CBD8-4766-A9FE-B4D414C031D5}.Debug|Any CPU.ActiveCfg = Debug|Any CPU
		{0F4F31AC-CBD8-4766-A9FE-B4D414C031D5}.Debug|Any CPU.Build.0 = Debug|Any CPU
		{0F4F31AC-CBD8-4766-A9FE-B4D414C031D5}.Release|Any CPU.ActiveCfg = Release|Any CPU
		{0F4F31AC-CBD8-4766-A9FE-B4D414C031D5}.Release|Any CPU.Build.0 = Release|Any CPU
	EndGlobalSection
	GlobalSection(SolutionProperties) = preSolution
		HideSolutionNode = FALSE
	EndGlobalSection
	GlobalSection(ExtensibilityGlobals) = postSolution
		SolutionGuid = {3713AFE2-6660-4596-94FC-4E5E1F9C5A9A}
	EndGlobalSection
EndGlobal
